# This file was autogenerated by uv via the following command:
#    uv export --locked --extra dev --group dev --format requirements-txt --no-emit-project --no-hashes --output-file requirements-dev.lock
aiosqlite==0.22.1
    # via langgraph-checkpoint-sqlite
alembic==1.19.2
    # via workguard
annotated-doc==0.0.5
    # via fastapi
annotated-types==0.8.0
    # via pydantic
anyio==4.14.2
    # via
    #   httpx
    #   httpx2
    #   langsmith
    #   openai
    #   starlette
    #   watchfiles
    #   workguard
ast-serialize==0.11.0
    # via mypy
certifi==2026.7.22
    # via
    #   httpcore
    #   httpx
    #   requests
charset-normalizer==3.5.1
    # via requests
click==8.5.0
    # via uvicorn
colorama==0.4.6 ; sys_platform == 'win32'
    # via pytest
coverage==7.16.0
    # via pytest-cov
distro==1.9.0
    # via langsmith
et-xmlfile==2.0.0
    # via openpyxl
exceptiongroup==1.3.1 ; python_full_version < '3.11'
    # via
    #   anyio
    #   pytest
fastapi==0.141.1
    # via workguard
greenlet==3.5.5 ; platform_machine == 'AMD64' or platform_machine == 'WIN32' or platform_machine == 'aarch64' or platform_machine == 'amd64' or platform_machine == 'ppc64le' or platform_machine == 'win32' or platform_machine == 'x86_64'
    # via sqlalchemy
h11==0.16.0
    # via
    #   httpcore
    #   httpcore2
    #   uvicorn
httpcore==1.0.9
    # via httpx
httpcore2==2.12.0 ; sys_platform != 'emscripten'
    # via httpx2
httptools==0.8.0
    # via uvicorn
httpx==0.28.1
    # via
    #   langchain-core
    #   langgraph-sdk
    #   workguard
httpx2==2.12.0
    # via
    #   langsmith
    #   openai
httpx2-jsfetch==1.0 ; python_full_version >= '3.12' and sys_platform == 'emscripten'
    # via httpx2
idna==3.19
    # via
    #   anyio
    #   httpx
    #   httpx2
    #   requests
iniconfig==2.3.0
    # via pytest
jiter==0.16.0
    # via openai
jsonpatch==1.33
    # via langchain-core
jsonpointer==3.1.1
    # via jsonpatch
langchain-core==1.6.2
    # via
    #   langgraph
    #   langgraph-checkpoint
    #   langgraph-prebuilt
    #   langgraph-sdk
langchain-protocol==0.0.19
    # via
    #   langchain-core
    #   langgraph-sdk
langgraph==1.2.11
    # via workguard
langgraph-checkpoint==4.2.0
    # via
    #   langgraph
    #   langgraph-checkpoint-postgres
    #   langgraph-checkpoint-sqlite
    #   langgraph-prebuilt
langgraph-checkpoint-postgres==3.1.2
    # via workguard
langgraph-checkpoint-sqlite==3.1.1
    # via workguard
langgraph-prebuilt==1.1.0
    # via langgraph
langgraph-sdk==0.4.4
    # via langgraph
langsmith==0.12.2
    # via langchain-core
librt==0.15.0 ; platform_python_implementation != 'PyPy'
    # via mypy
lxml==6.1.3
    # via python-docx
mako==1.4.1
    # via alembic
markupsafe==3.0.3
    # via mako
mypy==2.3.1
    # via workguard
mypy-extensions==1.1.0
    # via mypy
openai==3.8.0
    # via workguard
openpyxl==3.1.5
    # via workguard
orjson==3.12.0
    # via
    #   langgraph-checkpoint-postgres
    #   langgraph-sdk
    #   langsmith
ormsgpack==1.12.2
    # via langgraph-checkpoint
packaging==26.3
    # via
    #   langchain-core
    #   langsmith
    #   pytest
pathspec==1.1.1
    # via mypy
pluggy==1.6.0
    # via
    #   pytest
    #   pytest-cov
psycopg==3.3.5
    # via
    #   langgraph-checkpoint-postgres
    #   workguard
psycopg-binary==3.3.5 ; implementation_name != 'pypy'
    # via psycopg
psycopg-pool==3.3.1
    # via langgraph-checkpoint-postgres
pydantic==2.13.5
    # via
    #   fastapi
    #   langchain-core
    #   langgraph
    #   langsmith
    #   openai
    #   workguard
pydantic-core==2.46.5
    # via pydantic
pygments==2.21.0
    # via pytest
pytest==9.1.1
    # via
    #   pytest-cov
    #   workguard
pytest-cov==7.1.0
    # via workguard
python-docx==1.2.0
    # via workguard
python-dotenv==1.2.3
    # via uvicorn
python-multipart==0.0.32
    # via workguard
pyyaml==6.0.3
    # via
    #   langchain-core
    #   uvicorn
requests==2.34.2
    # via
    #   langsmith
    #   requests-toolbelt
requests-toolbelt==1.0.0
    # via langsmith
ruff==0.16.6
    # via workguard
sniffio==1.3.1
    # via
    #   langsmith
    #   openai
sqlalchemy==2.0.52
    # via
    #   alembic
    #   workguard
sqlite-vec==0.1.9
    # via langgraph-checkpoint-sqlite
starlette==1.6.0
    # via fastapi
tenacity==9.1.4
    # via langchain-core
tomli==2.4.1 ; python_full_version <= '3.11'
    # via
    #   alembic
    #   coverage
    #   mypy
    #   pytest
truststore==0.10.4 ; sys_platform != 'emscripten'
    # via
    #   httpcore2
    #   httpx2
typing-extensions==4.16.0
    # via
    #   alembic
    #   anyio
    #   exceptiongroup
    #   fastapi
    #   httpx2
    #   langchain-core
    #   langchain-protocol
    #   langsmith
    #   mypy
    #   openai
    #   psycopg
    #   psycopg-pool
    #   pydantic
    #   pydantic-core
    #   python-docx
    #   sqlalchemy
    #   starlette
    #   typing-inspection
    #   uvicorn
typing-inspection==0.4.4
    # via
    #   fastapi
    #   pydantic
tzdata==2026.3 ; sys_platform == 'win32'
    # via psycopg
urllib3==2.7.0
    # via requests
uuid-utils==0.17.1
    # via
    #   langchain-core
    #   langsmith
uvicorn==0.52.4
    # via workguard
uvloop==0.22.1 ; platform_python_implementation != 'PyPy' and sys_platform != 'cygwin' and sys_platform != 'win32'
    # via uvicorn
watchfiles==1.2.0
    # via uvicorn
websockets==16.1.1
    # via
    #   langgraph-sdk
    #   langsmith
    #   uvicorn
xxhash==4.0.1
    # via
    #   langgraph
    #   langsmith
zstandard==0.25.0
    # via langsmith
